
Microsoft Visual Studio Solution File, Format Version 12.00
# Visual Studio Version 16
VisualStudioVersion = 16.0.31911.196
MinimumVisualStudioVersion = 10.0.40219.1
Project("{FAE04EC0-301F-11D3-BF4B-00C04F79EFBC}") = "IdentityCore_19_12_2021", "IdentityCore_19_12_2021\IdentityCore_19_12_2021.csproj", "{5582FD06-A1C6-4870-8A5B-8F469FEEC424}"
EndProject
Global
	GlobalSection(SolutionConfigurationPlatforms) = preSolution
		Debug|Any CPU = Debug|Any CPU
		Release|Any CPU = Release|Any CPU
	EndGlobalSection
	GlobalSection(ProjectConfigurationPlatforms) = postSolution
		{5582FD06-A1C6-4870-8A5B-8F469FEEC424}.Debug|Any CPU.ActiveCfg = Debug|Any CPU
		{5582FD06-A1C6-4870-8A5B-8F469FEEC424}.Debug|Any CPU.Build.0 = Debug|Any CPU
		{5582FD06-A1C6-4870-8A5B-8F469FEEC424}.Release|Any CPU.ActiveCfg = Release|Any CPU
		{5582FD06-A1C6-4870-8A5B-8F469FEEC424}.Release|Any CPU.Build.0 = Release|Any CPU
	EndGlobalSection
	GlobalSection(SolutionProperties) = preSolution
		HideSolutionNode = FALSE
	EndGlobalSection
	GlobalSection(ExtensibilityGlobals) = postSolution
		SolutionGuid = {3593B11B-C510-4904-A065-5FB2FB4EFA9C}
	EndGlobalSection
EndGlobal
